// !$*UTF8*$!
{
	archiveVersion = 1;
	classes = {
	};
	objectVersion = 51;
	objects = {

/* Begin PBXBuildFile section */
		310A43A322F7C1FF006924E2 /* AppDelegate.swift in Sources */ = {isa = PBXBuildFile; fileRef = 310A43A222F7C1FF006924E2 /* AppDelegate.swift */; };
		310A43A522F7C1FF006924E2 /* ViewController.swift in Sources */ = {isa = PBXBuildFile; fileRef = 310A43A422F7C1FF006924E2 /* ViewController.swift */; };
		310A43A822F7C1FF006924E2 /* Main.storyboard in Resources */ = {isa = PBXBuildFile; fileRef = 310A43A622F7C1FF006924E2 /* Main.storyboard */; };
		310A43AA22F7C201006924E2 /* Assets.xcassets in Resources */ = {isa = PBXBuildFile; fileRef = 310A43A922F7C201006924E2 /* Assets.xcassets */; };
		310A43AD22F7C201006924E2 /* LaunchScreen.storyboard in Resources */ = {isa = PBXBuildFile; fileRef = 310A43AB22F7C201006924E2 /* LaunchScreen.storyboard */; };
		310A43B722F7C7FC006924E2 /* ChatUser.swift in Sources */ = {isa = PBXBuildFile; fileRef = 310A43B622F7C7FC006924E2 /* ChatUser.swift */; };
		310A43B922F7CCEA006924E2 /* Message.swift in Sources */ = {isa = PBXBuildFile; fileRef = 310A43B822F7CCEA006924E2 /* Message.swift */; };
		8D5285026C6237B80423BDA5 /* Pods_MessageKitProject.framework in Frameworks */ = {isa = PBXBuildFile; fileRef = 30104E918F42D4EE248285B3 /* Pods_MessageKitProject.framework */; };
/* End PBXBuildFile section */

/* Begin PBXFileReference section */
		30104E918F42D4EE248285B3 /* Pods_MessageKitProject.framework */ = {isa = PBXFileReference; explicitFileType = wrapper.framework; includeInIndex = 0; path = Pods_MessageKitProject.framework; sourceTree = BUILT_PRODUCTS_DIR; };
		310A439F22F7C1FF006924E2 /* MessageKitProject.app */ = {isa = PBXFileReference; explicitFileType = wrapper.application; includeInIndex = 0; path = MessageKitProject.app; sourceTree = BUILT_PRODUCTS_DIR; };
		310A43A222F7C1FF006924E2 /* AppDelegate.swift */ = {isa = PBXFileReference; lastKnownFileType = sourcecode.swift; path = AppDelegate.swift; sourceTree = "<group>"; };
		310A43A422F7C1FF006924E2 /* ViewController.swift */ = {isa = PBXFileReference; lastKnownFileType = sourcecode.swift; path = ViewController.swift; sourceTree = "<group>"; };
		310A43A722F7C1FF006924E2 /* Base */ = {isa = PBXFileReference; lastKnownFileType = file.storyboard; name = Base; path = Base.lproj/Main.storyboard; sourceTree = "<group>"; };
		310A43A922F7C201006924E2 /* Assets.xcassets */ = {isa = PBXFileReference; lastKnownFileType = folder.assetcatalog; path = Assets.xcassets; sourceTree = "<group>"; };
		310A43AC22F7C201006924E2 /* Base */ = {isa = PBXFileReference; lastKnownFileType = file.storyboard; name = Base; path = Base.lproj/LaunchScreen.storyboard; sourceTree = "<group>"; };
		310A43AE22F7C201006924E2 /* Info.plist */ = {isa = PBXFileReference; lastKnownFileType = text.plist.xml; path = Info.plist; sourceTree = "<group>"; };
		310A43B622F7C7FC006924E2 /* ChatUser.swift */ = {isa = PBXFileReference; lastKnownFileType = sourcecode.swift; name = ChatUser.swift; path = MessageKitProject/ChatUser.swift; sourceTree = SOURCE_ROOT; };
		310A43B822F7CCEA006924E2 /* Message.swift */ = {isa = PBXFileReference; lastKnownFileType = sourcecode.swift; path = Message.swift; sourceTree = "<group>"; };
		919081ED720AABB418BFABA3 /* Pods-MessageKitProject.release.xcconfig */ = {isa = PBXFileReference; includeInIndex = 1; lastKnownFileType = text.xcconfig; name = "Pods-MessageKitProject.release.xcconfig"; path = "Target Support Files/Pods-MessageKitProject/Pods-MessageKitProject.release.xcconfig"; sourceTree = "<group>"; };
		B4E8808B3E1D48907EC15371 /* Pods-MessageKitProject.debug.xcconfig */ = {isa = PBXFileReference; includeInIndex = 1; lastKnownFileType = text.xcconfig; name = "Pods-MessageKitProject.debug.xcconfig"; path = "Target Support Files/Pods-MessageKitProject/Pods-MessageKitProject.debug.xcconfig"; sourceTree = "<group>"; };
/* End PBXFileReference section */

/* Begin PBXFrameworksBuildPhase section */
		310A439C22F7C1FF006924E2 /* Frameworks */ = {
			isa = PBXFrameworksBuildPhase;
			buildActionMask = 2147483647;
			files = (
				8D5285026C6237B80423BDA5 /* Pods_MessageKitProject.framework in Frameworks */,
			);
			runOnlyForDeploymentPostprocessing = 0;
		};
/* End PBXFrameworksBuildPhase section */

/* Begin PBXGroup section */
		310A439622F7C1FF006924E2 = {
			isa = PBXGroup;
			children = (
				310A43A122F7C1FF006924E2 /* MessageKitProject */,
				310A43A022F7C1FF006924E2 /* Products */,
				91E779047E30082F849634FC /* Pods */,
				C81B4A65589458530840D488 /* Frameworks */,
			);
			sourceTree = "<group>";
		};
		310A43A022F7C1FF006924E2 /* Products */ = {
			isa = PBXGroup;
			children = (
				310A439F22F7C1FF006924E2 /* MessageKitProject.app */,
			);
			name = Products;
			sourceTree = "<group>";
		};
		310A43A122F7C1FF006924E2 /* MessageKitProject */ = {
			isa = PBXGroup;
			children = (
				310A43B522F7C71C006924E2 /* Objects */,
				310A43B422F7C6BA006924E2 /* Controllers */,
				310A43A222F7C1FF006924E2 /* AppDelegate.swift */,
				310A43A622F7C1FF006924E2 /* Main.storyboard */,
				310A43A922F7C201006924E2 /* Assets.xcassets */,
				310A43AB22F7C201006924E2 /* LaunchScreen.storyboard */,
				310A43AE22F7C201006924E2 /* Info.plist */,
			);
			path = MessageKitProject;
			sourceTree = "<group>";
		};
		310A43B422F7C6BA006924E2 /* Controllers */ = {
			isa = PBXGroup;
			children = (
				310A43A422F7C1FF006924E2 /* ViewController.swift */,
			);
			path = Controllers;
			sourceTree = "<group>";
		};
		310A43B522F7C71C006924E2 /* Objects */ = {
			isa = PBXGroup;
			children = (
				310A43B622F7C7FC006924E2 /* ChatUser.swift */,
				310A43B822F7CCEA006924E2 /* Message.swift */,
			);
			path = Objects;
			sourceTree = "<group>";
		};
		91E779047E30082F849634FC /* Pods */ = {
			isa = PBXGroup;
			children = (
				B4E8808B3E1D48907EC15371 /* Pods-MessageKitProject.debug.xcconfig */,
				919081ED720AABB418BFABA3 /* Pods-MessageKitProject.release.xcconfig */,
			);
			path = Pods;
			sourceTree = "<group>";
		};
		C81B4A65589458530840D488 /* Frameworks */ = {
			isa = PBXGroup;
			children = (
				30104E918F42D4EE248285B3 /* Pods_MessageKitProject.framework */,
			);
			name = Frameworks;
			sourceTree = "<group>";
		};
/* End PBXGroup section */

/* Begin PBXNativeTarget section */
		310A439E22F7C1FF006924E2 /* MessageKitProject */ = {
			isa = PBXNativeTarget;
			buildConfigurationList = 310A43B122F7C201006924E2 /* Build configuration list for PBXNativeTarget "MessageKitProject" */;
			buildPhases = (
				C331874A740DD8F137652E58 /* [CP] Check Pods Manifest.lock */,
				310A439B22F7C1FF006924E2 /* Sources */,
				310A439C22F7C1FF006924E2 /* Frameworks */,
				310A439D22F7C1FF006924E2 /* Resources */,
				0B9C7D651565D33EE8EC66F5 /* [CP] Embed Pods Frameworks */,
			);
			buildRules = (
			);
			dependencies = (
			);
			name = MessageKitProject;
			productName = MessageKitProject;
			productReference = 310A439F22F7C1FF006924E2 /* MessageKitProject.app */;
			productType = "com.apple.product-type.application";
		};
/* End PBXNativeTarget section */

/* Begin PBXProject section */
		310A439722F7C1FF006924E2 /* Project object */ = {
			isa = PBXProject;
			attributes = {
				LastSwiftUpdateCheck = 1020;
				LastUpgradeCheck = 1020;
				ORGANIZATIONNAME = "香川紗穂";
				TargetAttributes = {
					310A439E22F7C1FF006924E2 = {
						CreatedOnToolsVersion = 10.2.1;
					};
				};
			};
			buildConfigurationList = 310A439A22F7C1FF006924E2 /* Build configuration list for PBXProject "MessageKitProject" */;
			compatibilityVersion = "Xcode 9.3";
			developmentRegion = en;
			hasScannedForEncodings = 0;
			knownRegions = (
				en,
				Base,
			);
			mainGroup = 310A439622F7C1FF006924E2;
			productRefGroup = 310A43A022F7C1FF006924E2 /* Products */;
			projectDirPath = "";
			projectRoot = "";
			targets = (
				310A439E22F7C1FF006924E2 /* MessageKitProject */,
			);
		};
/* End PBXProject section */

/* Begin PBXResourcesBuildPhase section */
		310A439D22F7C1FF006924E2 /* Resources */ = {
			isa = PBXResourcesBuildPhase;
			buildActionMask = 2147483647;
			files = (
				310A43AD22F7C201006924E2 /* LaunchScreen.storyboard in Resources */,
				310A43AA22F7C201006924E2 /* Assets.xcassets in Resources */,
				310A43A822F7C1FF006924E2 /* Main.storyboard in Resources */,
			);
			runOnlyForDeploymentPostprocessing = 0;
		};
/* End PBXResourcesBuildPhase section */

/* Begin PBXShellScriptBuildPhase section */
		0B9C7D651565D33EE8EC66F5 /* [CP] Embed Pods Frameworks */ = {
			isa = PBXShellScriptBuildPhase;
			buildActionMask = 2147483647;
			files = (
			);
			inputFileListPaths = (
				"${PODS_ROOT}/Target Support Files/Pods-MessageKitProject/Pods-MessageKitProject-frameworks-${CONFIGURATION}-input-files.xcfilelist",
			);
			name = "[CP] Embed Pods Frameworks";
			outputFileListPaths = (
				"${PODS_ROOT}/Target Support Files/Pods-MessageKitProject/Pods-MessageKitProject-frameworks-${CONFIGURATION}-output-files.xcfilelist",
			);
			runOnlyForDeploymentPostprocessing = 0;
			shellPath = /bin/sh;
			shellScript = "\"${PODS_ROOT}/Target Support Files/Pods-MessageKitProject/Pods-MessageKitProject-frameworks.sh\"\n";
			showEnvVarsInLog = 0;
		};
		C331874A740DD8F137652E58 /* [CP] Check Pods Manifest.lock */ = {
			isa = PBXShellScriptBuildPhase;
			buildActionMask = 2147483647;
			files = (
			);
			inputFileListPaths = (
			);
			inputPaths = (
				"${PODS_PODFILE_DIR_PATH}/Podfile.lock",
				"${PODS_ROOT}/Manifest.lock",
			);
			name = "[CP] Check Pods Manifest.lock";
			outputFileListPaths = (
			);
			outputPaths = (
				"$(DERIVED_FILE_DIR)/Pods-MessageKitProject-checkManifestLockResult.txt",
			);
			runOnlyForDeploymentPostprocessing = 0;
			shellPath = /bin/sh;
			shellScript = "diff \"${PODS_PODFILE_DIR_PATH}/Podfile.lock\" \"${PODS_ROOT}/Manifest.lock\" > /dev/null\nif [ $? != 0 ] ; then\n    # print error to STDERR\n    echo \"error: The sandbox is not in sync with the Podfile.lock. Run 'pod install' or update your CocoaPods installation.\" >&2\n    exit 1\nfi\n# This output is used by Xcode 'outputs' to avoid re-running this script phase.\necho \"SUCCESS\" > \"${SCRIPT_OUTPUT_FILE_0}\"\n";
			showEnvVarsInLog = 0;
		};
/* End PBXShellScriptBuildPhase section */

/* Begin PBXSourcesBuildPhase section */
		310A439B22F7C1FF006924E2 /* Sources */ = {
			isa = PBXSourcesBuildPhase;
			buildActionMask = 2147483647;
			files = (
				310A43B722F7C7FC006924E2 /* ChatUser.swift in Sources */,
				310A43B922F7CCEA006924E2 /* Message.swift in Sources */,
				310A43A522F7C1FF006924E2 /* ViewController.swift in Sources */,
				310A43A322F7C1FF006924E2 /* AppDelegate.swift in Sources */,
			);
			runOnlyForDeploymentPostprocessing = 0;
		};
/* End PBXSourcesBuildPhase section */

/* Begin PBXVariantGroup section */
		310A43A622F7C1FF006924E2 /* Main.storyboard */ = {
			isa = PBXVariantGroup;
			children = (
				310A43A722F7C1FF006924E2 /* Base */,
			);
			name = Main.storyboard;
			sourceTree = "<group>";
		};
		310A43AB22F7C201006924E2 /* LaunchScreen.storyboard */ = {
			isa = PBXVariantGroup;
			children = (
				310A43AC22F7C201006924E2 /* Base */,
			);
			name = LaunchScreen.storyboard;
			sourceTree = "<group>";
		};
/* End PBXVariantGroup section */

/* Begin XCBuildConfiguration section */
		310A43AF22F7C201006924E2 /* Debug */ = {
			isa = XCBuildConfiguration;
			buildSettings = {
				ALWAYS_SEARCH_USER_PATHS = NO;
				CLANG_ANALYZER_NONNULL = YES;
				CLANG_ANALYZER_NUMBER_OBJECT_CONVERSION = YES_AGGRESSIVE;
				CLANG_CXX_LANGUAGE_STANDARD = "gnu++14";
				CLANG_CXX_LIBRARY = "libc++";
				CLANG_ENABLE_MODULES = YES;
				CLANG_ENABLE_OBJC_ARC = YES;
				CLANG_ENABLE_OBJC_WEAK = YES;
				CLANG_WARN_BLOCK_CAPTURE_AUTORELEASING = YES;
				CLANG_WARN_BOOL_CONVERSION = YES;
				CLANG_WARN_COMMA = YES;
				CLANG_WARN_CONSTANT_CONVERSION = YES;
				CLANG_WARN_DEPRECATED_OBJC_IMPLEMENTATIONS = YES;
				CLANG_WARN_DIRECT_OBJC_ISA_USAGE = YES_ERROR;
				CLANG_WARN_DOCUMENTATION_COMMENTS = YES;
				CLANG_WARN_EMPTY_BODY = YES;
				CLANG_WARN_ENUM_CONVERSION = YES;
				CLANG_WARN_INFINITE_RECURSION = YES;
				CLANG_WARN_INT_CONVERSION = YES;
				CLANG_WARN_NON_LITERAL_NULL_CONVERSION = YES;
				CLANG_WARN_OBJC_IMPLICIT_RETAIN_SELF = YES;
				CLANG_WARN_OBJC_LITERAL_CONVERSION = YES;
				CLANG_WARN_OBJC_ROOT_CLASS = YES_ERROR;
				CLANG_WARN_RANGE_LOOP_ANALYSIS = YES;
				CLANG_WARN_STRICT_PROTOTYPES = YES;
				CLANG_WARN_SUSPICIOUS_MOVE = YES;
				CLANG_WARN_UNGUARDED_AVAILABILITY = YES_AGGRESSIVE;
				CLANG_WARN_UNREACHABLE_CODE = YES;
				CLANG_WARN__DUPLICATE_METHOD_MATCH = YES;
				CODE_SIGN_IDENTITY = "iPhone Developer";
				COPY_PHASE_STRIP = NO;
				DEBUG_INFORMATION_FORMAT = dwarf;
				ENABLE_STRICT_OBJC_MSGSEND = YES;
				ENABLE_TESTABILITY = YES;
				GCC_C_LANGUAGE_STANDARD = gnu11;
				GCC_DYNAMIC_NO_PIC = NO;
				GCC_NO_COMMON_BLOCKS = YES;
				GCC_OPTIMIZATION_LEVEL = 0;
				GCC_PREPROCESSOR_DEFINITIONS = (
					"DEBUG=1",
					"$(inherited)",
				);
				GCC_WARN_64_TO_32_BIT_CONVERSION = YES;
				GCC_WARN_ABOUT_RETURN_TYPE = YES_ERROR;
				GCC_WARN_UNDECLARED_SELECTOR = YES;
				GCC_WARN_UNINITIALIZED_AUTOS = YES_AGGRESSIVE;
				GCC_WARN_UNUSED_FUNCTION = YES;
				GCC_WARN_UNUSED_VARIABLE = YES;
				IPHONEOS_DEPLOYMENT_TARGET = 12.2;
				MTL_ENABLE_DEBUG_INFO = INCLUDE_SOURCE;
				MTL_FAST_MATH = YES;
				ONLY_ACTIVE_ARCH = YES;
				SDKROOT = iphoneos;
				SWIFT_ACTIVE_COMPILATION_CONDITIONS = DEBUG;
				SWIFT_OPTIMIZATION_LEVEL = "-Onone";
			};
			name = Debug;
		};
		310A43B022F7C201006924E2 /* Release */ = {
			isa = XCBuildConfiguration;
			buildSettings = {
				ALWAYS_SEARCH_USER_PATHS = NO;
				CLANG_ANALYZER_NONNULL = YES;
				CLANG_ANALYZER_NUMBER_OBJECT_CONVERSION = YES_AGGRESSIVE;
				CLANG_CXX_LANGUAGE_STANDARD = "gnu++14";
				CLANG_CXX_LIBRARY = "libc++";
				CLANG_ENABLE_MODULES = YES;
				CLANG_ENABLE_OBJC_ARC = YES;
				CLANG_ENABLE_OBJC_WEAK = YES;
				CLANG_WARN_BLOCK_CAPTURE_AUTORELEASING = YES;
				CLANG_WARN_BOOL_CONVERSION = YES;
				CLANG_WARN_COMMA = YES;
				CLANG_WARN_CONSTANT_CONVERSION = YES;
				CLANG_WARN_DEPRECATED_OBJC_IMPLEMENTATIONS = YES;
				CLANG_WARN_DIRECT_OBJC_ISA_USAGE = YES_ERROR;
				CLANG_WARN_DOCUMENTATION_COMMENTS = YES;
				CLANG_WARN_EMPTY_BODY = YES;
				CLANG_WARN_ENUM_CONVERSION = YES;
				CLANG_WARN_INFINITE_RECURSION = YES;
				CLANG_WARN_INT_CONVERSION = YES;
				CLANG_WARN_NON_LITERAL_NULL_CONVERSION = YES;
				CLANG_WARN_OBJC_IMPLICIT_RETAIN_SELF = YES;
				CLANG_WARN_OBJC_LITERAL_CONVERSION = YES;
				CLANG_WARN_OBJC_ROOT_CLASS = YES_ERROR;
				CLANG_WARN_RANGE_LOOP_ANALYSIS = YES;
				CLANG_WARN_STRICT_PROTOTYPES = YES;
				CLANG_WARN_SUSPICIOUS_MOVE = YES;
				CLANG_WARN_UNGUARDED_AVAILABILITY = YES_AGGRESSIVE;
				CLANG_WARN_UNREACHABLE_CODE = YES;
				CLANG_WARN__DUPLICATE_METHOD_MATCH = YES;
				CODE_SIGN_IDENTITY = "iPhone Developer";
				COPY_PHASE_STRIP = NO;
				DEBUG_INFORMATION_FORMAT = "dwarf-with-dsym";
				ENABLE_NS_ASSERTIONS = NO;
				ENABLE_STRICT_OBJC_MSGSEND = YES;
				GCC_C_LANGUAGE_STANDARD = gnu11;
				GCC_NO_COMMON_BLOCKS = YES;
				GCC_WARN_64_TO_32_BIT_CONVERSION = YES;
				GCC_WARN_ABOUT_RETURN_TYPE = YES_ERROR;
				GCC_WARN_UNDECLARED_SELECTOR = YES;
				GCC_WARN_UNINITIALIZED_AUTOS = YES_AGGRESSIVE;
				GCC_WARN_UNUSED_FUNCTION = YES;
				GCC_WARN_UNUSED_VARIABLE = YES;
				IPHONEOS_DEPLOYMENT_TARGET = 12.2;
				MTL_ENABLE_DEBUG_INFO = NO;
				MTL_FAST_MATH = YES;
				SDKROOT = iphoneos;
				SWIFT_COMPILATION_MODE = wholemodule;
				SWIFT_OPTIMIZATION_LEVEL = "-O";
				VALIDATE_PRODUCT = YES;
			};
			name = Release;
		};
		310A43B222F7C201006924E2 /* Debug */ = {
			isa = XCBuildConfiguration;
			baseConfigurationReference = B4E8808B3E1D48907EC15371 /* Pods-MessageKitProject.debug.xcconfig */;
			buildSettings = {
				ASSETCATALOG_COMPILER_APPICON_NAME = AppIcon;
				CODE_SIGN_STYLE = Automatic;
				DEVELOPMENT_TEAM = 5SH64L9LF8;
				INFOPLIST_FILE = MessageKitProject/Info.plist;
				LD_RUNPATH_SEARCH_PATHS = (
					"$(inherited)",
					"@executable_path/Frameworks",
				);
				PRODUCT_BUNDLE_IDENTIFIER = com.example.MessageKitProject;
				PRODUCT_NAME = "$(TARGET_NAME)";
				SWIFT_VERSION = 5.0;
				TARGETED_DEVICE_FAMILY = "1,2";
			};
			name = Debug;
		};
		310A43B322F7C201006924E2 /* Release */ = {
			isa = XCBuildConfiguration;
			baseConfigurationReference = 919081ED720AABB418BFABA3 /* Pods-MessageKitProject.release.xcconfig */;
			buildSettings = {
				ASSETCATALOG_COMPILER_APPICON_NAME = AppIcon;
				CODE_SIGN_STYLE = Automatic;
				DEVELOPMENT_TEAM = 5SH64L9LF8;
				INFOPLIST_FILE = MessageKitProject/Info.plist;
				LD_RUNPATH_SEARCH_PATHS = (
					"$(inherited)",
					"@executable_path/Frameworks",
				);
				PRODUCT_BUNDLE_IDENTIFIER = com.example.MessageKitProject;
				PRODUCT_NAME = "$(TARGET_NAME)";
				SWIFT_VERSION = 5.0;
				TARGETED_DEVICE_FAMILY = "1,2";
			};
			name = Release;
		};
/* End XCBuildConfiguration section */

/* Begin XCConfigurationList section */
		310A439A22F7C1FF006924E2 /* Build configuration list for PBXProject "MessageKitProject" */ = {
			isa = XCConfigurationList;
			buildConfigurations = (
				310A43AF22F7C201006924E2 /* Debug */,
				310A43B022F7C201006924E2 /* Release */,
			);
			defaultConfigurationIsVisible = 0;
			defaultConfigurationName = Release;
		};
		310A43B122F7C201006924E2 /* Build configuration list for PBXNativeTarget "MessageKitProject" */ = {
			isa = XCConfigurationList;
			buildConfigurations = (
				310A43B222F7C201006924E2 /* Debug */,
				310A43B322F7C201006924E2 /* Release */,
			);
			defaultConfigurationIsVisible = 0;
			defaultConfigurationName = Release;
		};
/* End XCConfigurationList section */
	};
	rootObject = 310A439722F7C1FF006924E2 /* Project object */;
}
